
Microsoft Visual Studio Solution File, Format Version 12.00
Project("{FAE04EC0-301F-11D3-BF4B-00C04F79EFBC}") = "WebServer", "WebServer\WebServer.csproj", "{6064BA6D-B9D6-4220-B106-E133CB95BA27}"
EndProject
Project("{2150E333-8FDC-42A3-9474-1A3956D46DE8}") = "Solution Files", "Solution Files", "{54761E83-4270-4F0A-8CD3-E40E926EFE80}"
	ProjectSection(SolutionItems) = preProject
		.gitignore = .gitignore
	EndProjectSection
EndProject
Project("{FAE04EC0-301F-11D3-BF4B-00C04F79EFBC}") = "WebServerTests", "WebServerTests\WebServerTests.csproj", "{FB5A4FD3-A277-4459-B345-7E126CF8B80E}"
EndProject
Global
	GlobalSection(SolutionConfigurationPlatforms) = preSolution
		Debug|Any CPU = Debug|Any CPU
		Release|Any CPU = Release|Any CPU
	EndGlobalSection
	GlobalSection(ProjectConfigurationPlatforms) = postSolution
		{6064BA6D-B9D6-4220-B106-E133CB95BA27}.Debug|Any CPU.ActiveCfg = Debug|Any CPU
		{6064BA6D-B9D6-4220-B106-E133CB95BA27}.Debug|Any CPU.Build.0 = Debug|Any CPU
		{6064BA6D-B9D6-4220-B106-E133CB95BA27}.Release|Any CPU.ActiveCfg = Release|Any CPU
		{6064BA6D-B9D6-4220-B106-E133CB95BA27}.Release|Any CPU.Build.0 = Release|Any CPU
		{FB5A4FD3-A277-4459-B345-7E126CF8B80E}.Debug|Any CPU.ActiveCfg = Debug|Any CPU
		{FB5A4FD3-A277-4459-B345-7E126CF8B80E}.Debug|Any CPU.Build.0 = Debug|Any CPU
		{FB5A4FD3-A277-4459-B345-7E126CF8B80E}.Release|Any CPU.ActiveCfg = Release|Any CPU
		{FB5A4FD3-A277-4459-B345-7E126CF8B80E}.Release|Any CPU.Build.0 = Release|Any CPU
	EndGlobalSection
EndGlobal
